
Microsoft Visual Studio Solution File, Format Version 12.00
# Visual Studio Version 16
VisualStudioVersion = 16.0.31205.134
MinimumVisualStudioVersion = 10.0.40219.1
Project("{9A19103F-16F7-4668-BE54-9A1E7A4F7556}") = "InveTime", "InveTime\InveTime.csproj", "{4A575D9F-0A4B-4642-8F9E-58352A308C45}"
EndProject
Project("{9A19103F-16F7-4668-BE54-9A1E7A4F7556}") = "InveTime.DataBase.DLL", "InveTime.DataBase.DLL\InveTime.DataBase.DLL.csproj", "{BDF93B75-20D0-43E1-A9EE-B0CA0F0171F7}"
EndProject
Project("{9A19103F-16F7-4668-BE54-9A1E7A4F7556}") = "InveTime.Interfaces", "InveTime.Interfaces\InveTime.Interfaces.csproj", "{C8685058-5AF3-4F3A-A291-C706B9CA861A}"
EndProject
Project("{FAE04EC0-301F-11D3-BF4B-00C04F79EFBC}") = "TestConsele", "TestConsele\TestConsele.csproj", "{3E6BD9F8-91E6-4572-B772-AD59A0AE98ED}"
EndProject
Global
	GlobalSection(SolutionConfigurationPlatforms) = preSolution
		Debug|Any CPU = Debug|Any CPU
		Release|Any CPU = Release|Any CPU
	EndGlobalSection
	GlobalSection(ProjectConfigurationPlatforms) = postSolution
		{4A575D9F-0A4B-4642-8F9E-58352A308C45}.Debug|Any CPU.ActiveCfg = Debug|Any CPU
		{4A575D9F-0A4B-4642-8F9E-58352A308C45}.Debug|Any CPU.Build.0 = Debug|Any CPU
		{4A575D9F-0A4B-4642-8F9E-58352A308C45}.Release|Any CPU.ActiveCfg = Release|Any CPU
		{4A575D9F-0A4B-4642-8F9E-58352A308C45}.Release|Any CPU.Build.0 = Release|Any CPU
		{BDF93B75-20D0-43E1-A9EE-B0CA0F0171F7}.Debug|Any CPU.ActiveCfg = Debug|Any CPU
		{BDF93B75-20D0-43E1-A9EE-B0CA0F0171F7}.Debug|Any CPU.Build.0 = Debug|Any CPU
		{BDF93B75-20D0-43E1-A9EE-B0CA0F0171F7}.Release|Any CPU.ActiveCfg = Release|Any CPU
		{BDF93B75-20D0-43E1-A9EE-B0CA0F0171F7}.Release|Any CPU.Build.0 = Release|Any CPU
		{C8685058-5AF3-4F3A-A291-C706B9CA861A}.Debug|Any CPU.ActiveCfg = Debug|Any CPU
		{C8685058-5AF3-4F3A-A291-C706B9CA861A}.Debug|Any CPU.Build.0 = Debug|Any CPU
		{C8685058-5AF3-4F3A-A291-C706B9CA861A}.Release|Any CPU.ActiveCfg = Release|Any CPU
		{C8685058-5AF3-4F3A-A291-C706B9CA861A}.Release|Any CPU.Build.0 = Release|Any CPU
		{3E6BD9F8-91E6-4572-B772-AD59A0AE98ED}.Debug|Any CPU.ActiveCfg = Debug|Any CPU
		{3E6BD9F8-91E6-4572-B772-AD59A0AE98ED}.Debug|Any CPU.Build.0 = Debug|Any CPU
		{3E6BD9F8-91E6-4572-B772-AD59A0AE98ED}.Release|Any CPU.ActiveCfg = Release|Any CPU
		{3E6BD9F8-91E6-4572-B772-AD59A0AE98ED}.Release|Any CPU.Build.0 = Release|Any CPU
	EndGlobalSection
	GlobalSection(SolutionProperties) = preSolution
		HideSolutionNode = FALSE
	EndGlobalSection
	GlobalSection(ExtensibilityGlobals) = postSolution
		SolutionGuid = {CA2F7537-4E49-4D08-9E68-FDCA0DC00378}
	EndGlobalSection
EndGlobal
